
Microsoft Visual Studio Solution File, Format Version 12.00
# Visual Studio Version 17
VisualStudioVersion = 17.10.34916.146
MinimumVisualStudioVersion = 10.0.40219.1
Project("{8BC9CEB8-8B4A-11D0-8D11-00A0C91BC942}") = "StarChickenVR", "StarChickenVR.vcxproj", "{403AA38F-1A08-4134-A889-F80D392ABD03}"
EndProject
Global
	GlobalSection(SolutionConfigurationPlatforms) = preSolution
		Debug|x64 = Debug|x64
		Debug|x86 = Debug|x86
		DebugTests|x64 = DebugTests|x64
		DebugTests|x86 = DebugTests|x86
		Release|x64 = Release|x64
		Release|x86 = Release|x86
	EndGlobalSection
	GlobalSection(ProjectConfigurationPlatforms) = postSolution
		{403AA38F-1A08-4134-A889-F80D392ABD03}.Debug|x64.ActiveCfg = Debug|x64
		{403AA38F-1A08-4134-A889-F80D392ABD03}.Debug|x64.Build.0 = Debug|x64
		{403AA38F-1A08-4134-A889-F80D392ABD03}.Debug|x86.ActiveCfg = Debug|Win32
		{403AA38F-1A08-4134-A889-F80D392ABD03}.Debug|x86.Build.0 = Debug|Win32
		{403AA38F-1A08-4134-A889-F80D392ABD03}.DebugTests|x64.ActiveCfg = DebugTests|x64
		{403AA38F-1A08-4134-A889-F80D392ABD03}.DebugTests|x64.Build.0 = DebugTests|x64
		{403AA38F-1A08-4134-A889-F80D392ABD03}.DebugTests|x86.ActiveCfg = DebugTests|Win32
		{403AA38F-1A08-4134-A889-F80D392ABD03}.DebugTests|x86.Build.0 = DebugTests|Win32
		{403AA38F-1A08-4134-A889-F80D392ABD03}.Release|x64.ActiveCfg = Release|x64
		{403AA38F-1A08-4134-A889-F80D392ABD03}.Release|x64.Build.0 = Release|x64
		{403AA38F-1A08-4134-A889-F80D392ABD03}.Release|x86.ActiveCfg = Release|Win32
		{403AA38F-1A08-4134-A889-F80D392ABD03}.Release|x86.Build.0 = Release|Win32
	EndGlobalSection
	GlobalSection(SolutionProperties) = preSolution
		HideSolutionNode = FALSE
	EndGlobalSection
	GlobalSection(ExtensibilityGlobals) = postSolution
		SolutionGuid = {3927E7F1-AD35-43FD-B996-C2BDF06F9B00}
	EndGlobalSection
EndGlobal
